
Microsoft Visual Studio Solution File, Format Version 12.00
# Visual Studio Version 17
VisualStudioVersion = 17.4.33213.308
MinimumVisualStudioVersion = 10.0.40219.1
Project("{FAE04EC0-301F-11D3-BF4B-00C04F79EFBC}") = "WindowsServiceApp", "WindowsServiceApp\WindowsServiceApp.csproj", "{15901749-48AF-4998-AC63-DE72994158E6}"
EndProject
Global
	GlobalSection(SolutionConfigurationPlatforms) = preSolution
		Debug|Any CPU = Debug|Any CPU
		Release|Any CPU = Release|Any CPU
	EndGlobalSection
	GlobalSection(ProjectConfigurationPlatforms) = postSolution
		{15901749-48AF-4998-AC63-DE72994158E6}.Debug|Any CPU.ActiveCfg = Debug|Any CPU
		{15901749-48AF-4998-AC63-DE72994158E6}.Debug|Any CPU.Build.0 = Debug|Any CPU
		{15901749-48AF-4998-AC63-DE72994158E6}.Release|Any CPU.ActiveCfg = Release|Any CPU
		{15901749-48AF-4998-AC63-DE72994158E6}.Release|Any CPU.Build.0 = Release|Any CPU
	EndGlobalSection
	GlobalSection(SolutionProperties) = preSolution
		HideSolutionNode = FALSE
	EndGlobalSection
	GlobalSection(ExtensibilityGlobals) = postSolution
		SolutionGuid = {5A360BE7-D129-4AD4-BE11-73C60EAB9823}
	EndGlobalSection
EndGlobal
